
Microsoft Visual Studio Solution File, Format Version 12.00
# Visual Studio Version 17
VisualStudioVersion = 17.10.35013.160
MinimumVisualStudioVersion = 10.0.40219.1
Project("{2150E333-8FDC-42A3-9474-1A3956D46DE8}") = "Services", "Services", "{B428033C-AAF7-4BC1-832A-B50A08BA0F45}"
EndProject
Project("{2150E333-8FDC-42A3-9474-1A3956D46DE8}") = "Catalog", "Catalog", "{1E91A309-E46A-4CB3-BDCE-37DC7C6B39A1}"
EndProject
Project("{9A19103F-16F7-4668-BE54-9A1E7A4F7556}") = "Catalog.API", "Services\Catalog\CatalogAPI\Catalog.API.csproj", "{BEB46B6A-7F6E-404C-8B4C-EC1B5B4AD690}"
EndProject
Project("{2150E333-8FDC-42A3-9474-1A3956D46DE8}") = "BuildingBlocks", "BuildingBlocks", "{0F61AAB9-3D90-46B8-80B9-8708AFF08A4C}"
EndProject
Project("{9A19103F-16F7-4668-BE54-9A1E7A4F7556}") = "BuildingBlocks", "BuildingBlocks\BuildingBlocks\BuildingBlocks.csproj", "{FE98A0DA-110E-4D70-A7F0-5F304163193C}"
EndProject
Project("{E53339B2-1760-4266-BCC7-CA923CBCF16C}") = "docker-compose", "docker-compose.dcproj", "{26BB3864-25BA-4904-AF32-A61A613B240C}"
EndProject
Project("{2150E333-8FDC-42A3-9474-1A3956D46DE8}") = "Basket", "Basket", "{16299A17-44DD-44C9-8F01-3F538008B756}"
EndProject
Project("{9A19103F-16F7-4668-BE54-9A1E7A4F7556}") = "Basket.API", "Services\Basket\Basket.API\Basket.API.csproj", "{1291C0FB-4ED8-4869-AFF0-F1CB24D13950}"
EndProject
Project("{2150E333-8FDC-42A3-9474-1A3956D46DE8}") = "Discount", "Discount", "{C4D990E7-F06A-4996-A9E9-540F51EBA732}"
EndProject
Project("{9A19103F-16F7-4668-BE54-9A1E7A4F7556}") = "Discount.Grpc", "Services\Discount\Discount.Grpc\Discount.Grpc.csproj", "{FE69D378-8359-4DF7-A88B-EC41C44B7E12}"
EndProject
Project("{2150E333-8FDC-42A3-9474-1A3956D46DE8}") = "Ordering", "Ordering", "{2D3A7911-272E-44E3-BF2C-DDC54CC9B6A9}"
EndProject
Project("{9A19103F-16F7-4668-BE54-9A1E7A4F7556}") = "Ordering.API", "Services\Ordering\Ordering.API\Ordering.API.csproj", "{28E65FBC-93BD-4867-A413-074ECC6092E0}"
EndProject
Project("{9A19103F-16F7-4668-BE54-9A1E7A4F7556}") = "Ordering.Domain", "Services\Ordering\Ordering.Domain\Ordering.Domain.csproj", "{2B8DF908-80AC-4E21-837C-CD960A7BD193}"
EndProject
Project("{9A19103F-16F7-4668-BE54-9A1E7A4F7556}") = "Ordering.Application", "Services\Ordering\Ordering.Application\Ordering.Application.csproj", "{A68CFBB6-E609-4D65-B8E3-CCD223765121}"
EndProject
Project("{9A19103F-16F7-4668-BE54-9A1E7A4F7556}") = "Ordering.Infrastructure", "Services\Ordering\Ordering.Infrastructure\Ordering.Infrastructure.csproj", "{90779A93-9534-4E88-B852-5BC711C213F8}"
EndProject
Project("{9A19103F-16F7-4668-BE54-9A1E7A4F7556}") = "BuildingBlocks.Messaging", "BuildingBlocks\BuildingBlocks.Messaging\BuildingBlocks.Messaging.csproj", "{3CE489BC-0D5A-46D9-89F9-8D31F2C11B93}"
EndProject
Project("{2150E333-8FDC-42A3-9474-1A3956D46DE8}") = "ApiGateways", "ApiGateways", "{4E415B5D-1227-4363-8791-B06EE7C521AC}"
EndProject
Project("{9A19103F-16F7-4668-BE54-9A1E7A4F7556}") = "YarpApiGateway", "ApiGateways\YarpApiGateway\YarpApiGateway.csproj", "{D9D7D4FE-24A7-4A00-A5E1-980E6729690E}"
EndProject
Project("{2150E333-8FDC-42A3-9474-1A3956D46DE8}") = "WebApps", "WebApps", "{FBD22177-ABA7-4E81-A7DE-D378C2BC2F22}"
EndProject
Project("{FAE04EC0-301F-11D3-BF4B-00C04F79EFBC}") = "ShoppingWeb", "WebApps\ShoppingWeb\ShoppingWeb.csproj", "{39C6376D-8679-47B8-A0A0-98164B1D91D3}"
EndProject
Global
	GlobalSection(SolutionConfigurationPlatforms) = preSolution
		Debug|Any CPU = Debug|Any CPU
		Release|Any CPU = Release|Any CPU
	EndGlobalSection
	GlobalSection(ProjectConfigurationPlatforms) = postSolution
		{BEB46B6A-7F6E-404C-8B4C-EC1B5B4AD690}.Debug|Any CPU.ActiveCfg = Debug|Any CPU
		{BEB46B6A-7F6E-404C-8B4C-EC1B5B4AD690}.Debug|Any CPU.Build.0 = Debug|Any CPU
		{BEB46B6A-7F6E-404C-8B4C-EC1B5B4AD690}.Release|Any CPU.ActiveCfg = Release|Any CPU
		{BEB46B6A-7F6E-404C-8B4C-EC1B5B4AD690}.Release|Any CPU.Build.0 = Release|Any CPU
		{FE98A0DA-110E-4D70-A7F0-5F304163193C}.Debug|Any CPU.ActiveCfg = Debug|Any CPU
		{FE98A0DA-110E-4D70-A7F0-5F304163193C}.Debug|Any CPU.Build.0 = Debug|Any CPU
		{FE98A0DA-110E-4D70-A7F0-5F304163193C}.Release|Any CPU.ActiveCfg = Release|Any CPU
		{FE98A0DA-110E-4D70-A7F0-5F304163193C}.Release|Any CPU.Build.0 = Release|Any CPU
		{26BB3864-25BA-4904-AF32-A61A613B240C}.Debug|Any CPU.ActiveCfg = Debug|Any CPU
		{26BB3864-25BA-4904-AF32-A61A613B240C}.Debug|Any CPU.Build.0 = Debug|Any CPU
		{26BB3864-25BA-4904-AF32-A61A613B240C}.Release|Any CPU.ActiveCfg = Release|Any CPU
		{26BB3864-25BA-4904-AF32-A61A613B240C}.Release|Any CPU.Build.0 = Release|Any CPU
		{1291C0FB-4ED8-4869-AFF0-F1CB24D13950}.Debug|Any CPU.ActiveCfg = Debug|Any CPU
		{1291C0FB-4ED8-4869-AFF0-F1CB24D13950}.Debug|Any CPU.Build.0 = Debug|Any CPU
		{1291C0FB-4ED8-4869-AFF0-F1CB24D13950}.Release|Any CPU.ActiveCfg = Release|Any CPU
		{1291C0FB-4ED8-4869-AFF0-F1CB24D13950}.Release|Any CPU.Build.0 = Release|Any CPU
		{FE69D378-8359-4DF7-A88B-EC41C44B7E12}.Debug|Any CPU.ActiveCfg = Debug|Any CPU
		{FE69D378-8359-4DF7-A88B-EC41C44B7E12}.Debug|Any CPU.Build.0 = Debug|Any CPU
		{FE69D378-8359-4DF7-A88B-EC41C44B7E12}.Release|Any CPU.ActiveCfg = Release|Any CPU
		{FE69D378-8359-4DF7-A88B-EC41C44B7E12}.Release|Any CPU.Build.0 = Release|Any CPU
		{28E65FBC-93BD-4867-A413-074ECC6092E0}.Debug|Any CPU.ActiveCfg = Debug|Any CPU
		{28E65FBC-93BD-4867-A413-074ECC6092E0}.Debug|Any CPU.Build.0 = Debug|Any CPU
		{28E65FBC-93BD-4867-A413-074ECC6092E0}.Release|Any CPU.ActiveCfg = Release|Any CPU
		{28E65FBC-93BD-4867-A413-074ECC6092E0}.Release|Any CPU.Build.0 = Release|Any CPU
		{2B8DF908-80AC-4E21-837C-CD960A7BD193}.Debug|Any CPU.ActiveCfg = Debug|Any CPU
		{2B8DF908-80AC-4E21-837C-CD960A7BD193}.Debug|Any CPU.Build.0 = Debug|Any CPU
		{2B8DF908-80AC-4E21-837C-CD960A7BD193}.Release|Any CPU.ActiveCfg = Release|Any CPU
		{2B8DF908-80AC-4E21-837C-CD960A7BD193}.Release|Any CPU.Build.0 = Release|Any CPU
		{A68CFBB6-E609-4D65-B8E3-CCD223765121}.Debug|Any CPU.ActiveCfg = Debug|Any CPU
		{A68CFBB6-E609-4D65-B8E3-CCD223765121}.Debug|Any CPU.Build.0 = Debug|Any CPU
		{A68CFBB6-E609-4D65-B8E3-CCD223765121}.Release|Any CPU.ActiveCfg = Release|Any CPU
		{A68CFBB6-E609-4D65-B8E3-CCD223765121}.Release|Any CPU.Build.0 = Release|Any CPU
		{90779A93-9534-4E88-B852-5BC711C213F8}.Debug|Any CPU.ActiveCfg = Debug|Any CPU
		{90779A93-9534-4E88-B852-5BC711C213F8}.Debug|Any CPU.Build.0 = Debug|Any CPU
		{90779A93-9534-4E88-B852-5BC711C213F8}.Release|Any CPU.ActiveCfg = Release|Any CPU
		{90779A93-9534-4E88-B852-5BC711C213F8}.Release|Any CPU.Build.0 = Release|Any CPU
		{3CE489BC-0D5A-46D9-89F9-8D31F2C11B93}.Debug|Any CPU.ActiveCfg = Debug|Any CPU
		{3CE489BC-0D5A-46D9-89F9-8D31F2C11B93}.Debug|Any CPU.Build.0 = Debug|Any CPU
		{3CE489BC-0D5A-46D9-89F9-8D31F2C11B93}.Release|Any CPU.ActiveCfg = Release|Any CPU
		{3CE489BC-0D5A-46D9-89F9-8D31F2C11B93}.Release|Any CPU.Build.0 = Release|Any CPU
		{D9D7D4FE-24A7-4A00-A5E1-980E6729690E}.Debug|Any CPU.ActiveCfg = Debug|Any CPU
		{D9D7D4FE-24A7-4A00-A5E1-980E6729690E}.Debug|Any CPU.Build.0 = Debug|Any CPU
		{D9D7D4FE-24A7-4A00-A5E1-980E6729690E}.Release|Any CPU.ActiveCfg = Release|Any CPU
		{D9D7D4FE-24A7-4A00-A5E1-980E6729690E}.Release|Any CPU.Build.0 = Release|Any CPU
		{39C6376D-8679-47B8-A0A0-98164B1D91D3}.Debug|Any CPU.ActiveCfg = Debug|Any CPU
		{39C6376D-8679-47B8-A0A0-98164B1D91D3}.Debug|Any CPU.Build.0 = Debug|Any CPU
		{39C6376D-8679-47B8-A0A0-98164B1D91D3}.Release|Any CPU.ActiveCfg = Release|Any CPU
		{39C6376D-8679-47B8-A0A0-98164B1D91D3}.Release|Any CPU.Build.0 = Release|Any CPU
	EndGlobalSection
	GlobalSection(SolutionProperties) = preSolution
		HideSolutionNode = FALSE
	EndGlobalSection
	GlobalSection(NestedProjects) = preSolution
		{1E91A309-E46A-4CB3-BDCE-37DC7C6B39A1} = {B428033C-AAF7-4BC1-832A-B50A08BA0F45}
		{BEB46B6A-7F6E-404C-8B4C-EC1B5B4AD690} = {1E91A309-E46A-4CB3-BDCE-37DC7C6B39A1}
		{FE98A0DA-110E-4D70-A7F0-5F304163193C} = {0F61AAB9-3D90-46B8-80B9-8708AFF08A4C}
		{16299A17-44DD-44C9-8F01-3F538008B756} = {B428033C-AAF7-4BC1-832A-B50A08BA0F45}
		{1291C0FB-4ED8-4869-AFF0-F1CB24D13950} = {16299A17-44DD-44C9-8F01-3F538008B756}
		{C4D990E7-F06A-4996-A9E9-540F51EBA732} = {B428033C-AAF7-4BC1-832A-B50A08BA0F45}
		{FE69D378-8359-4DF7-A88B-EC41C44B7E12} = {C4D990E7-F06A-4996-A9E9-540F51EBA732}
		{2D3A7911-272E-44E3-BF2C-DDC54CC9B6A9} = {B428033C-AAF7-4BC1-832A-B50A08BA0F45}
		{28E65FBC-93BD-4867-A413-074ECC6092E0} = {2D3A7911-272E-44E3-BF2C-DDC54CC9B6A9}
		{2B8DF908-80AC-4E21-837C-CD960A7BD193} = {2D3A7911-272E-44E3-BF2C-DDC54CC9B6A9}
		{A68CFBB6-E609-4D65-B8E3-CCD223765121} = {2D3A7911-272E-44E3-BF2C-DDC54CC9B6A9}
		{90779A93-9534-4E88-B852-5BC711C213F8} = {2D3A7911-272E-44E3-BF2C-DDC54CC9B6A9}
		{3CE489BC-0D5A-46D9-89F9-8D31F2C11B93} = {0F61AAB9-3D90-46B8-80B9-8708AFF08A4C}
		{D9D7D4FE-24A7-4A00-A5E1-980E6729690E} = {4E415B5D-1227-4363-8791-B06EE7C521AC}
		{39C6376D-8679-47B8-A0A0-98164B1D91D3} = {FBD22177-ABA7-4E81-A7DE-D378C2BC2F22}
	EndGlobalSection
	GlobalSection(ExtensibilityGlobals) = postSolution
		SolutionGuid = {28E93426-596F-437D-9D68-5C29F081AA69}
	EndGlobalSection
EndGlobal
